
Microsoft Visual Studio Solution File, Format Version 12.00
# Visual Studio 15
VisualStudioVersion = 15.0.28010.2046
MinimumVisualStudioVersion = 10.0.40219.1
Project("{FAE04EC0-301F-11D3-BF4B-00C04F79EFBC}") = "ConsoleApp1", "ConsoleApp1\ConsoleApp1.csproj", "{D985B3CA-74F3-4147-9B76-0DE2DDB23E9A}"
EndProject
Project("{8BC9CEB8-8B4A-11D0-8D11-00A0C91BC942}") = "Helpers", "helpers\Helpers.vcxproj", "{B3612C81-3DC8-435A-A6A5-7935BF5FD60C}"
EndProject
Project("{8BC9CEB8-8B4A-11D0-8D11-00A0C91BC942}") = "AutoLoginCredentialProvider", "AutoLoginCredentialProvider\AutoLoginCredentialProvider.vcxproj", "{2DF895C3-D1B4-4632-8F76-F06670A0D311}"
EndProject
Project("{2150E333-8FDC-42A3-9474-1A3956D46DE8}") = "CredentialProvider", "CredentialProvider", "{615CE1ED-EBD7-4BBC-A469-C0978BBD3D75}"
EndProject
Global
	GlobalSection(SolutionConfigurationPlatforms) = preSolution
		Debug|Any CPU = Debug|Any CPU
		Debug|x64 = Debug|x64
		Debug|x86 = Debug|x86
		Release|Any CPU = Release|Any CPU
		Release|x64 = Release|x64
		Release|x86 = Release|x86
	EndGlobalSection
	GlobalSection(ProjectConfigurationPlatforms) = postSolution
		{D985B3CA-74F3-4147-9B76-0DE2DDB23E9A}.Debug|Any CPU.ActiveCfg = Debug|Any CPU
		{D985B3CA-74F3-4147-9B76-0DE2DDB23E9A}.Debug|Any CPU.Build.0 = Debug|Any CPU
		{D985B3CA-74F3-4147-9B76-0DE2DDB23E9A}.Debug|x64.ActiveCfg = Debug|Any CPU
		{D985B3CA-74F3-4147-9B76-0DE2DDB23E9A}.Debug|x64.Build.0 = Debug|Any CPU
		{D985B3CA-74F3-4147-9B76-0DE2DDB23E9A}.Debug|x86.ActiveCfg = Debug|Any CPU
		{D985B3CA-74F3-4147-9B76-0DE2DDB23E9A}.Debug|x86.Build.0 = Debug|Any CPU
		{D985B3CA-74F3-4147-9B76-0DE2DDB23E9A}.Release|Any CPU.ActiveCfg = Release|Any CPU
		{D985B3CA-74F3-4147-9B76-0DE2DDB23E9A}.Release|Any CPU.Build.0 = Release|Any CPU
		{D985B3CA-74F3-4147-9B76-0DE2DDB23E9A}.Release|x64.ActiveCfg = Release|Any CPU
		{D985B3CA-74F3-4147-9B76-0DE2DDB23E9A}.Release|x64.Build.0 = Release|Any CPU
		{D985B3CA-74F3-4147-9B76-0DE2DDB23E9A}.Release|x86.ActiveCfg = Release|Any CPU
		{D985B3CA-74F3-4147-9B76-0DE2DDB23E9A}.Release|x86.Build.0 = Release|Any CPU
		{B3612C81-3DC8-435A-A6A5-7935BF5FD60C}.Debug|Any CPU.ActiveCfg = Debug|Win32
		{B3612C81-3DC8-435A-A6A5-7935BF5FD60C}.Debug|x64.ActiveCfg = Debug|x64
		{B3612C81-3DC8-435A-A6A5-7935BF5FD60C}.Debug|x64.Build.0 = Debug|x64
		{B3612C81-3DC8-435A-A6A5-7935BF5FD60C}.Debug|x86.ActiveCfg = Debug|Win32
		{B3612C81-3DC8-435A-A6A5-7935BF5FD60C}.Debug|x86.Build.0 = Debug|Win32
		{B3612C81-3DC8-435A-A6A5-7935BF5FD60C}.Release|Any CPU.ActiveCfg = Release|Win32
		{B3612C81-3DC8-435A-A6A5-7935BF5FD60C}.Release|x64.ActiveCfg = Release|x64
		{B3612C81-3DC8-435A-A6A5-7935BF5FD60C}.Release|x64.Build.0 = Release|x64
		{B3612C81-3DC8-435A-A6A5-7935BF5FD60C}.Release|x86.ActiveCfg = Release|Win32
		{B3612C81-3DC8-435A-A6A5-7935BF5FD60C}.Release|x86.Build.0 = Release|Win32
		{2DF895C3-D1B4-4632-8F76-F06670A0D311}.Debug|Any CPU.ActiveCfg = Debug|Win32
		{2DF895C3-D1B4-4632-8F76-F06670A0D311}.Debug|x64.ActiveCfg = Debug|x64
		{2DF895C3-D1B4-4632-8F76-F06670A0D311}.Debug|x64.Build.0 = Debug|x64
		{2DF895C3-D1B4-4632-8F76-F06670A0D311}.Debug|x86.ActiveCfg = Debug|Win32
		{2DF895C3-D1B4-4632-8F76-F06670A0D311}.Debug|x86.Build.0 = Debug|Win32
		{2DF895C3-D1B4-4632-8F76-F06670A0D311}.Release|Any CPU.ActiveCfg = Release|Win32
		{2DF895C3-D1B4-4632-8F76-F06670A0D311}.Release|x64.ActiveCfg = Release|x64
		{2DF895C3-D1B4-4632-8F76-F06670A0D311}.Release|x64.Build.0 = Release|x64
		{2DF895C3-D1B4-4632-8F76-F06670A0D311}.Release|x86.ActiveCfg = Release|Win32
		{2DF895C3-D1B4-4632-8F76-F06670A0D311}.Release|x86.Build.0 = Release|Win32
	EndGlobalSection
	GlobalSection(SolutionProperties) = preSolution
		HideSolutionNode = FALSE
	EndGlobalSection
	GlobalSection(NestedProjects) = preSolution
		{B3612C81-3DC8-435A-A6A5-7935BF5FD60C} = {615CE1ED-EBD7-4BBC-A469-C0978BBD3D75}
		{2DF895C3-D1B4-4632-8F76-F06670A0D311} = {615CE1ED-EBD7-4BBC-A469-C0978BBD3D75}
	EndGlobalSection
	GlobalSection(ExtensibilityGlobals) = postSolution
		SolutionGuid = {F11A4DB9-FD64-4666-B32F-1356351E47D3}
	EndGlobalSection
EndGlobal
